
Microsoft Visual Studio Solution File, Format Version 12.00
# Visual Studio 15
VisualStudioVersion = 15.0.28307.757
MinimumVisualStudioVersion = 10.0.40219.1
Project("{FAE04EC0-301F-11D3-BF4B-00C04F79EFBC}") = "FirstMVCAppArmstrong", "FirstMVCAppArmstrong\FirstMVCAppArmstrong.csproj", "{67D107F7-C778-41D6-94EC-FD302DAB357A}"
EndProject
Project("{FAE04EC0-301F-11D3-BF4B-00C04F79EFBC}") = "XUnitTestProject1", "XUnitTestProject1\XUnitTestProject1.csproj", "{1C183C51-5ABF-45AB-8752-F0D7F578050E}"
EndProject
Global
	GlobalSection(SolutionConfigurationPlatforms) = preSolution
		Debug|Any CPU = Debug|Any CPU
		Release|Any CPU = Release|Any CPU
	EndGlobalSection
	GlobalSection(ProjectConfigurationPlatforms) = postSolution
		{67D107F7-C778-41D6-94EC-FD302DAB357A}.Debug|Any CPU.ActiveCfg = Debug|Any CPU
		{67D107F7-C778-41D6-94EC-FD302DAB357A}.Debug|Any CPU.Build.0 = Debug|Any CPU
		{67D107F7-C778-41D6-94EC-FD302DAB357A}.Release|Any CPU.ActiveCfg = Release|Any CPU
		{67D107F7-C778-41D6-94EC-FD302DAB357A}.Release|Any CPU.Build.0 = Release|Any CPU
		{1C183C51-5ABF-45AB-8752-F0D7F578050E}.Debug|Any CPU.ActiveCfg = Debug|Any CPU
		{1C183C51-5ABF-45AB-8752-F0D7F578050E}.Debug|Any CPU.Build.0 = Debug|Any CPU
		{1C183C51-5ABF-45AB-8752-F0D7F578050E}.Release|Any CPU.ActiveCfg = Release|Any CPU
		{1C183C51-5ABF-45AB-8752-F0D7F578050E}.Release|Any CPU.Build.0 = Release|Any CPU
	EndGlobalSection
	GlobalSection(SolutionProperties) = preSolution
		HideSolutionNode = FALSE
	EndGlobalSection
	GlobalSection(ExtensibilityGlobals) = postSolution
		SolutionGuid = {0E395BD8-3199-4D04-B825-E2B9D2C30264}
	EndGlobalSection
EndGlobal
